
Microsoft Visual Studio Solution File, Format Version 12.00
# Visual Studio Version 17
VisualStudioVersion = 17.11.35327.3
MinimumVisualStudioVersion = 10.0.40219.1
Project("{FAE04EC0-301F-11D3-BF4B-00C04F79EFBC}") = "TaskManager.Server", "TaskManager.Server\TaskManager.Server.csproj", "{F9E5ECE9-FCB9-46CE-82EA-E6D9E986CD4D}"
EndProject
Project("{FAE04EC0-301F-11D3-BF4B-00C04F79EFBC}") = "TaskManager.Common", "TaskManager.Common\TaskManager.Common.csproj", "{F7F35B36-23D3-499A-BE28-23659D3D796E}"
EndProject
Project("{FAE04EC0-301F-11D3-BF4B-00C04F79EFBC}") = "TaskManager.Logic", "TaskManager.Logic\TaskManager.Logic.csproj", "{42783FC2-95FA-410E-832B-8ABB6A10A76C}"
EndProject
Project("{FAE04EC0-301F-11D3-BF4B-00C04F79EFBC}") = "TaskManager.Data", "TaskManager.Data\TaskManager.Data.csproj", "{3B18D979-3BD6-4D28-B38A-34FB91689B2F}"
EndProject
Global
	GlobalSection(SolutionConfigurationPlatforms) = preSolution
		Debug|Any CPU = Debug|Any CPU
		Release|Any CPU = Release|Any CPU
	EndGlobalSection
	GlobalSection(ProjectConfigurationPlatforms) = postSolution
		{F9E5ECE9-FCB9-46CE-82EA-E6D9E986CD4D}.Debug|Any CPU.ActiveCfg = Debug|Any CPU
		{F9E5ECE9-FCB9-46CE-82EA-E6D9E986CD4D}.Debug|Any CPU.Build.0 = Debug|Any CPU
		{F9E5ECE9-FCB9-46CE-82EA-E6D9E986CD4D}.Release|Any CPU.ActiveCfg = Release|Any CPU
		{F9E5ECE9-FCB9-46CE-82EA-E6D9E986CD4D}.Release|Any CPU.Build.0 = Release|Any CPU
		{F7F35B36-23D3-499A-BE28-23659D3D796E}.Debug|Any CPU.ActiveCfg = Debug|Any CPU
		{F7F35B36-23D3-499A-BE28-23659D3D796E}.Debug|Any CPU.Build.0 = Debug|Any CPU
		{F7F35B36-23D3-499A-BE28-23659D3D796E}.Release|Any CPU.ActiveCfg = Release|Any CPU
		{F7F35B36-23D3-499A-BE28-23659D3D796E}.Release|Any CPU.Build.0 = Release|Any CPU
		{42783FC2-95FA-410E-832B-8ABB6A10A76C}.Debug|Any CPU.ActiveCfg = Debug|Any CPU
		{42783FC2-95FA-410E-832B-8ABB6A10A76C}.Debug|Any CPU.Build.0 = Debug|Any CPU
		{42783FC2-95FA-410E-832B-8ABB6A10A76C}.Release|Any CPU.ActiveCfg = Release|Any CPU
		{42783FC2-95FA-410E-832B-8ABB6A10A76C}.Release|Any CPU.Build.0 = Release|Any CPU
		{3B18D979-3BD6-4D28-B38A-34FB91689B2F}.Debug|Any CPU.ActiveCfg = Debug|Any CPU
		{3B18D979-3BD6-4D28-B38A-34FB91689B2F}.Debug|Any CPU.Build.0 = Debug|Any CPU
		{3B18D979-3BD6-4D28-B38A-34FB91689B2F}.Release|Any CPU.ActiveCfg = Release|Any CPU
		{3B18D979-3BD6-4D28-B38A-34FB91689B2F}.Release|Any CPU.Build.0 = Release|Any CPU
	EndGlobalSection
	GlobalSection(SolutionProperties) = preSolution
		HideSolutionNode = FALSE
	EndGlobalSection
	GlobalSection(ExtensibilityGlobals) = postSolution
		SolutionGuid = {0DD0E9DB-AE39-4549-8DB4-63165D0981D7}
	EndGlobalSection
EndGlobal
